
Microsoft Visual Studio Solution File, Format Version 12.00
# Visual Studio 2012
Project("{FAE04EC0-301F-11D3-BF4B-00C04F79EFBC}") = "Nonagon.Modular", "Nonagon.Modular\Nonagon.Modular.csproj", "{D9CCF0E7-FD49-4F69-85E2-082115AFE9BD}"
EndProject
Project("{FAE04EC0-301F-11D3-BF4B-00C04F79EFBC}") = "Nonagon.Modular.DynamicForm", "Nonagon.Modular.DynamicForm\Nonagon.Modular.DynamicForm.csproj", "{89958056-46C2-40E5-A064-EB3D1F983A69}"
EndProject
Project("{FAE04EC0-301F-11D3-BF4B-00C04F79EFBC}") = "Nonagon.Modular.Cms", "Nonagon.Modular.Cms\Nonagon.Modular.Cms.csproj", "{EB7BF4B2-2DE9-4863-AA74-208C579206E7}"
EndProject
Project("{FAE04EC0-301F-11D3-BF4B-00C04F79EFBC}") = "Nonagon.Modular.Media", "Nonagon.Modular.Media\Nonagon.Modular.Media.csproj", "{E217A9DD-F13C-441D-B882-AFF446D8B759}"
EndProject
Project("{FAE04EC0-301F-11D3-BF4B-00C04F79EFBC}") = "Nonagon.Modular.DynamicForm.Service", "Nonagon.Modular.DynamicForm.Service\Nonagon.Modular.DynamicForm.Service.csproj", "{4FDAC1B4-580D-4388-B7FC-7D55F529A942}"
EndProject
Project("{2150E333-8FDC-42A3-9474-1A3956D46DE8}") = "Foundation", "Foundation", "{F0940278-A1BD-46A4-8E4D-9AB14FEC8CB5}"
EndProject
Project("{FAE04EC0-301F-11D3-BF4B-00C04F79EFBC}") = "Nonagon", "..\..\Foundation\Mono\Nonagon\Nonagon.csproj", "{416A413E-FA2F-4547-BD9F-01C759BD7077}"
EndProject
Global
	GlobalSection(SolutionConfigurationPlatforms) = preSolution
		Debug|x86 = Debug|x86
		Release|x86 = Release|x86
		STATIC_ONLY NO_EXPRESSIONS|Any CPU = STATIC_ONLY NO_EXPRESSIONS|Any CPU
		MonoTouch|Any CPU = MonoTouch|Any CPU
		MONOTOUCH|Any CPU = MONOTOUCH|Any CPU
	EndGlobalSection
	GlobalSection(ProjectConfigurationPlatforms) = postSolution
		{416A413E-FA2F-4547-BD9F-01C759BD7077}.Debug|x86.ActiveCfg = Debug|Any CPU
		{416A413E-FA2F-4547-BD9F-01C759BD7077}.Debug|x86.Build.0 = Debug|Any CPU
		{416A413E-FA2F-4547-BD9F-01C759BD7077}.MONOTOUCH|Any CPU.ActiveCfg = Debug|Any CPU
		{416A413E-FA2F-4547-BD9F-01C759BD7077}.MonoTouch|Any CPU.ActiveCfg = Debug|Any CPU
		{416A413E-FA2F-4547-BD9F-01C759BD7077}.MonoTouch|Any CPU.Build.0 = Debug|Any CPU
		{416A413E-FA2F-4547-BD9F-01C759BD7077}.MONOTOUCH|Any CPU.Build.0 = Debug|Any CPU
		{416A413E-FA2F-4547-BD9F-01C759BD7077}.Release|x86.ActiveCfg = Release|Any CPU
		{416A413E-FA2F-4547-BD9F-01C759BD7077}.Release|x86.Build.0 = Release|Any CPU
		{416A413E-FA2F-4547-BD9F-01C759BD7077}.STATIC_ONLY NO_EXPRESSIONS|Any CPU.ActiveCfg = Debug|Any CPU
		{416A413E-FA2F-4547-BD9F-01C759BD7077}.STATIC_ONLY NO_EXPRESSIONS|Any CPU.Build.0 = Debug|Any CPU
		{4FDAC1B4-580D-4388-B7FC-7D55F529A942}.Debug|x86.ActiveCfg = Debug|Any CPU
		{4FDAC1B4-580D-4388-B7FC-7D55F529A942}.Debug|x86.Build.0 = Debug|Any CPU
		{4FDAC1B4-580D-4388-B7FC-7D55F529A942}.MonoTouch|Any CPU.ActiveCfg = Debug|Any CPU
		{4FDAC1B4-580D-4388-B7FC-7D55F529A942}.MONOTOUCH|Any CPU.ActiveCfg = Debug|Any CPU
		{4FDAC1B4-580D-4388-B7FC-7D55F529A942}.MonoTouch|Any CPU.Build.0 = Debug|Any CPU
		{4FDAC1B4-580D-4388-B7FC-7D55F529A942}.MONOTOUCH|Any CPU.Build.0 = Debug|Any CPU
		{4FDAC1B4-580D-4388-B7FC-7D55F529A942}.Release|x86.ActiveCfg = Release|Any CPU
		{4FDAC1B4-580D-4388-B7FC-7D55F529A942}.Release|x86.Build.0 = Release|Any CPU
		{4FDAC1B4-580D-4388-B7FC-7D55F529A942}.STATIC_ONLY NO_EXPRESSIONS|Any CPU.ActiveCfg = Debug|Any CPU
		{4FDAC1B4-580D-4388-B7FC-7D55F529A942}.STATIC_ONLY NO_EXPRESSIONS|Any CPU.Build.0 = Debug|Any CPU
		{89958056-46C2-40E5-A064-EB3D1F983A69}.Debug|x86.ActiveCfg = Debug|Any CPU
		{89958056-46C2-40E5-A064-EB3D1F983A69}.Debug|x86.Build.0 = Debug|Any CPU
		{89958056-46C2-40E5-A064-EB3D1F983A69}.MonoTouch|Any CPU.ActiveCfg = Debug|Any CPU
		{89958056-46C2-40E5-A064-EB3D1F983A69}.MONOTOUCH|Any CPU.ActiveCfg = Debug|Any CPU
		{89958056-46C2-40E5-A064-EB3D1F983A69}.MONOTOUCH|Any CPU.Build.0 = Debug|Any CPU
		{89958056-46C2-40E5-A064-EB3D1F983A69}.MonoTouch|Any CPU.Build.0 = Debug|Any CPU
		{89958056-46C2-40E5-A064-EB3D1F983A69}.Release|x86.ActiveCfg = Release|Any CPU
		{89958056-46C2-40E5-A064-EB3D1F983A69}.Release|x86.Build.0 = Release|Any CPU
		{89958056-46C2-40E5-A064-EB3D1F983A69}.STATIC_ONLY NO_EXPRESSIONS|Any CPU.ActiveCfg = Debug|Any CPU
		{89958056-46C2-40E5-A064-EB3D1F983A69}.STATIC_ONLY NO_EXPRESSIONS|Any CPU.Build.0 = Debug|Any CPU
		{D9CCF0E7-FD49-4F69-85E2-082115AFE9BD}.Debug|x86.ActiveCfg = Debug|x86
		{D9CCF0E7-FD49-4F69-85E2-082115AFE9BD}.Debug|x86.Build.0 = Debug|x86
		{D9CCF0E7-FD49-4F69-85E2-082115AFE9BD}.MONOTOUCH|Any CPU.ActiveCfg = Debug|x86
		{D9CCF0E7-FD49-4F69-85E2-082115AFE9BD}.MonoTouch|Any CPU.ActiveCfg = Debug|x86
		{D9CCF0E7-FD49-4F69-85E2-082115AFE9BD}.MonoTouch|Any CPU.Build.0 = Debug|x86
		{D9CCF0E7-FD49-4F69-85E2-082115AFE9BD}.MONOTOUCH|Any CPU.Build.0 = Debug|x86
		{D9CCF0E7-FD49-4F69-85E2-082115AFE9BD}.Release|x86.ActiveCfg = Release|x86
		{D9CCF0E7-FD49-4F69-85E2-082115AFE9BD}.Release|x86.Build.0 = Release|x86
		{D9CCF0E7-FD49-4F69-85E2-082115AFE9BD}.STATIC_ONLY NO_EXPRESSIONS|Any CPU.ActiveCfg = Debug|x86
		{D9CCF0E7-FD49-4F69-85E2-082115AFE9BD}.STATIC_ONLY NO_EXPRESSIONS|Any CPU.Build.0 = Debug|x86
		{E217A9DD-F13C-441D-B882-AFF446D8B759}.Debug|x86.ActiveCfg = Debug|Any CPU
		{E217A9DD-F13C-441D-B882-AFF446D8B759}.Debug|x86.Build.0 = Debug|Any CPU
		{E217A9DD-F13C-441D-B882-AFF446D8B759}.MonoTouch|Any CPU.ActiveCfg = Debug|Any CPU
		{E217A9DD-F13C-441D-B882-AFF446D8B759}.MONOTOUCH|Any CPU.ActiveCfg = Debug|Any CPU
		{E217A9DD-F13C-441D-B882-AFF446D8B759}.MONOTOUCH|Any CPU.Build.0 = Debug|Any CPU
		{E217A9DD-F13C-441D-B882-AFF446D8B759}.MonoTouch|Any CPU.Build.0 = Debug|Any CPU
		{E217A9DD-F13C-441D-B882-AFF446D8B759}.Release|x86.ActiveCfg = Release|Any CPU
		{E217A9DD-F13C-441D-B882-AFF446D8B759}.Release|x86.Build.0 = Release|Any CPU
		{E217A9DD-F13C-441D-B882-AFF446D8B759}.STATIC_ONLY NO_EXPRESSIONS|Any CPU.ActiveCfg = Debug|Any CPU
		{E217A9DD-F13C-441D-B882-AFF446D8B759}.STATIC_ONLY NO_EXPRESSIONS|Any CPU.Build.0 = Debug|Any CPU
		{EB7BF4B2-2DE9-4863-AA74-208C579206E7}.Debug|x86.ActiveCfg = Debug|Any CPU
		{EB7BF4B2-2DE9-4863-AA74-208C579206E7}.Debug|x86.Build.0 = Debug|Any CPU
		{EB7BF4B2-2DE9-4863-AA74-208C579206E7}.MonoTouch|Any CPU.ActiveCfg = Debug|Any CPU
		{EB7BF4B2-2DE9-4863-AA74-208C579206E7}.MONOTOUCH|Any CPU.ActiveCfg = Debug|Any CPU
		{EB7BF4B2-2DE9-4863-AA74-208C579206E7}.MonoTouch|Any CPU.Build.0 = Debug|Any CPU
		{EB7BF4B2-2DE9-4863-AA74-208C579206E7}.MONOTOUCH|Any CPU.Build.0 = Debug|Any CPU
		{EB7BF4B2-2DE9-4863-AA74-208C579206E7}.Release|x86.ActiveCfg = Release|Any CPU
		{EB7BF4B2-2DE9-4863-AA74-208C579206E7}.Release|x86.Build.0 = Release|Any CPU
		{EB7BF4B2-2DE9-4863-AA74-208C579206E7}.STATIC_ONLY NO_EXPRESSIONS|Any CPU.ActiveCfg = Debug|Any CPU
		{EB7BF4B2-2DE9-4863-AA74-208C579206E7}.STATIC_ONLY NO_EXPRESSIONS|Any CPU.Build.0 = Debug|Any CPU
	EndGlobalSection
	GlobalSection(NestedProjects) = preSolution
		{416A413E-FA2F-4547-BD9F-01C759BD7077} = {F0940278-A1BD-46A4-8E4D-9AB14FEC8CB5}
	EndGlobalSection
	GlobalSection(MonoDevelopProperties) = preSolution
		StartupItem = Nonagon.Modular\Nonagon.Modular.csproj
	EndGlobalSection
EndGlobal
